
Microsoft Visual Studio Solution File, Format Version 12.00
# Visual Studio Version 16
VisualStudioVersion = 16.0.30114.105
MinimumVisualStudioVersion = 10.0.40219.1
Project("{9A19103F-16F7-4668-BE54-9A1E7A4F7556}") = "ScrapBox", "ScrapBox-Reborn\ScrapBox.csproj", "{5F47E8D5-E7A9-4E6C-A941-5628F55129FB}"
EndProject
Global
	GlobalSection(SolutionConfigurationPlatforms) = preSolution
		Debug|Any CPU = Debug|Any CPU
		Debug|x64 = Debug|x64
		Debug|x86 = Debug|x86
		Release|Any CPU = Release|Any CPU
		Release|x64 = Release|x64
		Release|x86 = Release|x86
	EndGlobalSection
	GlobalSection(ProjectConfigurationPlatforms) = postSolution
		{5F47E8D5-E7A9-4E6C-A941-5628F55129FB}.Debug|Any CPU.ActiveCfg = Debug|Any CPU
		{5F47E8D5-E7A9-4E6C-A941-5628F55129FB}.Debug|Any CPU.Build.0 = Debug|Any CPU
		{5F47E8D5-E7A9-4E6C-A941-5628F55129FB}.Debug|x64.ActiveCfg = Debug|Any CPU
		{5F47E8D5-E7A9-4E6C-A941-5628F55129FB}.Debug|x64.Build.0 = Debug|Any CPU
		{5F47E8D5-E7A9-4E6C-A941-5628F55129FB}.Debug|x86.ActiveCfg = Debug|Any CPU
		{5F47E8D5-E7A9-4E6C-A941-5628F55129FB}.Debug|x86.Build.0 = Debug|Any CPU
		{5F47E8D5-E7A9-4E6C-A941-5628F55129FB}.Release|Any CPU.ActiveCfg = Release|Any CPU
		{5F47E8D5-E7A9-4E6C-A941-5628F55129FB}.Release|Any CPU.Build.0 = Release|Any CPU
		{5F47E8D5-E7A9-4E6C-A941-5628F55129FB}.Release|x64.ActiveCfg = Release|Any CPU
		{5F47E8D5-E7A9-4E6C-A941-5628F55129FB}.Release|x64.Build.0 = Release|Any CPU
		{5F47E8D5-E7A9-4E6C-A941-5628F55129FB}.Release|x86.ActiveCfg = Release|Any CPU
		{5F47E8D5-E7A9-4E6C-A941-5628F55129FB}.Release|x86.Build.0 = Release|Any CPU
	EndGlobalSection
	GlobalSection(SolutionProperties) = preSolution
		HideSolutionNode = FALSE
	EndGlobalSection
	GlobalSection(ExtensibilityGlobals) = postSolution
		SolutionGuid = {5EDA2FDB-C6D3-47CB-970F-EC714F019CAD}
	EndGlobalSection
EndGlobal
